
Microsoft Visual Studio Solution File, Format Version 12.00
# Visual Studio Version 17
VisualStudioVersion = 17.9.34622.214
MinimumVisualStudioVersion = 10.0.40219.1
Project("{FAE04EC0-301F-11D3-BF4B-00C04F79EFBC}") = "ArduinoSerialCS", "ArduinoSerialCS\ArduinoSerialCS.csproj", "{5205821B-B549-4F52-86C1-150C6CAB8CB6}"
EndProject
Global
	GlobalSection(SolutionConfigurationPlatforms) = preSolution
		Debug|Any CPU = Debug|Any CPU
		Release|Any CPU = Release|Any CPU
	EndGlobalSection
	GlobalSection(ProjectConfigurationPlatforms) = postSolution
		{5205821B-B549-4F52-86C1-150C6CAB8CB6}.Debug|Any CPU.ActiveCfg = Debug|Any CPU
		{5205821B-B549-4F52-86C1-150C6CAB8CB6}.Debug|Any CPU.Build.0 = Debug|Any CPU
		{5205821B-B549-4F52-86C1-150C6CAB8CB6}.Release|Any CPU.ActiveCfg = Release|Any CPU
		{5205821B-B549-4F52-86C1-150C6CAB8CB6}.Release|Any CPU.Build.0 = Release|Any CPU
	EndGlobalSection
	GlobalSection(SolutionProperties) = preSolution
		HideSolutionNode = FALSE
	EndGlobalSection
	GlobalSection(ExtensibilityGlobals) = postSolution
		SolutionGuid = {5E2FA91D-3A80-40C8-B431-20557CE10CFB}
	EndGlobalSection
EndGlobal
